
Microsoft Visual Studio Solution File, Format Version 12.00
# Visual Studio Version 17
VisualStudioVersion = 17.8.34525.116
MinimumVisualStudioVersion = 10.0.40219.1
Project("{FAE04EC0-301F-11D3-BF4B-00C04F79EFBC}") = "lab3", "lab3\lab3.csproj", "{6D4F421E-8FFE-456F-A732-248FD48549DC}"
EndProject
Global
	GlobalSection(SolutionConfigurationPlatforms) = preSolution
		Debug|Any CPU = Debug|Any CPU
		Release|Any CPU = Release|Any CPU
	EndGlobalSection
	GlobalSection(ProjectConfigurationPlatforms) = postSolution
		{6D4F421E-8FFE-456F-A732-248FD48549DC}.Debug|Any CPU.ActiveCfg = Debug|Any CPU
		{6D4F421E-8FFE-456F-A732-248FD48549DC}.Debug|Any CPU.Build.0 = Debug|Any CPU
		{6D4F421E-8FFE-456F-A732-248FD48549DC}.Release|Any CPU.ActiveCfg = Release|Any CPU
		{6D4F421E-8FFE-456F-A732-248FD48549DC}.Release|Any CPU.Build.0 = Release|Any CPU
	EndGlobalSection
	GlobalSection(SolutionProperties) = preSolution
		HideSolutionNode = FALSE
	EndGlobalSection
	GlobalSection(ExtensibilityGlobals) = postSolution
		SolutionGuid = {F51EC471-B87C-4B08-B234-E5BD47DFA6B9}
	EndGlobalSection
EndGlobal
